github.com/baldurstod/go-dmx v0.0.1 h1:VGdCGlo0XGHQLLXIfDOn5qRqxbXwyf5XHHUvamahMFk=
github.com/baldurstod/go-dmx v0.0.1/go.mod h1:G22Yz0z4rGpilFSLla0gvOFPPUMtZt7mm0YBddlCNk8=
github.com/baldurstod/go-dmx v0.0.2 h1:uNoz/1lV4yO4FGcYmSAio9twETZ7rmsNGXv9psnP2cs=
github.com/baldurstod/go-dmx v0.0.2/go.mod h1:G22Yz0z4rGpilFSLla0gvOFPPUMtZt7mm0YBddlCNk8=
github.com/baldurstod/go-dmx v0.0.3 h1:9EsEhgBjHase1AAD4hcFtRsga448aUbvW06zfLvBJPM=
github.com/baldurstod/go-dmx v0.0.3/go.mod h1:G22Yz0z4rGpilFSLla0gvOFPPUMtZt7mm0YBddlCNk8=
github.com/baldurstod/go-dmx v0.0.4 h1:gUv+g83ICEHbsfezmAYGowTv08h/D7HmBgngonWN5r0=
github.com/baldurstod/go-dmx v0.0.4/go.mod h1:G22Yz0z4rGpilFSLla0gvOFPPUMtZt7mm0YBddlCNk8=
github.com/baldurstod/go-dmx v0.0.5 h1:yYcx0DyyLL9/Pc80s5oXTxIgNj3rdr2Lvj1GXDwc1qU=
github.com/baldurstod/go-dmx v0.0.5/go.mod h1:G22Yz0z4rGpilFSLla0gvOFPPUMtZt7mm0YBddlCNk8=
github.com/baldurstod/go-dmx v0.0.6 h1:YtoJmtQqqRLE2Iek/LElYEzeO/TKHsDJb82uP49axDo=
github.com/baldurstod/go-dmx v0.0.6/go.mod h1:G22Yz0z4rGpilFSLla0gvOFPPUMtZt7mm0YBddlCNk8=
github.com/baldurstod/go-dmx v0.0.7 h1:czq9IO0Bvzgb6UUmVTLCTviOfMIqmqEyOD7qvN5G2SE=
github.com/baldurstod/go-dmx v0.0.7/go.mod h1:G22Yz0z4rGpilFSLla0gvOFPPUMtZt7mm0YBddlCNk8=
github.com/baldurstod/go-dmx v0.0.8 h1:cCmM9A+KFzBbwPxWBmJiNvgEb3K8QSF226SBJoJ51dc=
github.com/baldurstod/go-dmx v0.0.8/go.mod h1:G22Yz0z4rGpilFSLla0gvOFPPUMtZt7mm0YBddlCNk8=
github.com/baldurstod/go-dmx v0.0.10 h1:D2unJ9dd86o5n0seUAEYbxEuOgrJlFBJ+Og1ZsDIKs8=
github.com/baldurstod/go-dmx v0.0.10/go.mod h1:G22Yz0z4rGpilFSLla0gvOFPPUMtZt7mm0YBddlCNk8=
github.com/baldurstod/go-dmx v0.0.11 h1:dwadcCCXE5a3wgqd31v7Mkmx0RWybfKpzN8eRHWn/5k=
github.com/baldurstod/go-dmx v0.0.11/go.mod h1:G22Yz0z4rGpilFSLla0gvOFPPUMtZt7mm0YBddlCNk8=
github.com/baldurstod/go-dmx v0.0.12 h1:jJmjbkZzIPb+9xBHY/PZc+qKqZAUEhp95pxMOqNTC54=
github.com/baldurstod/go-dmx v0.0.12/go.mod h1:G22Yz0z4rGpilFSLla0gvOFPPUMtZt7mm0YBddlCNk8=
github.com/baldurstod/go-dmx v0.0.14 h1:n2lKBnVQTwBWyuLj8GMfkV4MPhB0O8A3hgEGLx+Zfk0=
github.com/baldurstod/go-dmx v0.0.14/go.mod h1:G22Yz0z4rGpilFSLla0gvOFPPUMtZt7mm0YBddlCNk8=
github.com/baldurstod/go-dmx v0.0.15 h1:IVBV/ZiH9PIxwxOKzZBWM479eGMzKijH2mzorKQTt4k=
github.com/baldurstod/go-dmx v0.0.15/go.mod h1:G22Yz0z4rGpilFSLla0gvOFPPUMtZt7mm0YBddlCNk8=
