github.com/baldurstod/go-dmx v0.0.1 h1:VGdCGlo0XGHQLLXIfDOn5qRqxbXwyf5XHHUvamahMFk=
github.com/baldurstod/go-dmx v0.0.1/go.mod h1:G22Yz0z4rGpilFSLla0gvOFPPUMtZt7mm0YBddlCNk8=
github.com/baldurstod/go-dmx v0.0.2 h1:uNoz/1lV4yO4FGcYmSAio9twETZ7rmsNGXv9psnP2cs=
github.com/baldurstod/go-dmx v0.0.2/go.mod h1:G22Yz0z4rGpilFSLla0gvOFPPUMtZt7mm0YBddlCNk8=
github.com/baldurstod/go-dmx v0.0.3 h1:9EsEhgBjHase1AAD4hcFtRsga448aUbvW06zfLvBJPM=
github.com/baldurstod/go-dmx v0.0.3/go.mod h1:G22Yz0z4rGpilFSLla0gvOFPPUMtZt7mm0YBddlCNk8=
github.com/baldurstod/go-dmx v0.0.4 h1:gUv+g83ICEHbsfezmAYGowTv08h/D7HmBgngonWN5r0=
github.com/baldurstod/go-dmx v0.0.4/go.mod h1:G22Yz0z4rGpilFSLla0gvOFPPUMtZt7mm0YBddlCNk8=
