github.com/baldurstod/go-dmx v0.0.15 h1:IVBV/ZiH9PIxwxOKzZBWM479eGMzKijH2mzorKQTt4k=
github.com/baldurstod/go-dmx v0.0.15/go.mod h1:G22Yz0z4rGpilFSLla0gvOFPPUMtZt7mm0YBddlCNk8=
github.com/baldurstod/go-dmx v0.0.17 h1:HYu7rcE3x6CIA7S/kfCJPkTD/E/Fpbil1BiFwXQsQX4=
github.com/baldurstod/go-dmx v0.0.17/go.mod h1:BS5jlvFMs3liLaqusTuBGeMyz1HmeXzbKp6DhZ+AwU8=
github.com/baldurstod/go-dmx v0.0.18 h1:Alcah7NMPJPHKPsbXiWJKkvmCn0p2vlumqY+gBxyCWk=
github.com/baldurstod/go-dmx v0.0.18/go.mod h1:BS5jlvFMs3liLaqusTuBGeMyz1HmeXzbKp6DhZ+AwU8=
github.com/baldurstod/go-dmx v0.0.19 h1:EIcgBHkYLynzDlzjkEl4p6S2XXlyRixuHCjMSFWNEvw=
github.com/baldurstod/go-dmx v0.0.19/go.mod h1:BS5jlvFMs3liLaqusTuBGeMyz1HmeXzbKp6DhZ+AwU8=
github.com/baldurstod/go-source2-tools v0.0.5 h1:G82/c2+u93bAt/NTLaNNlLQym4cS7D4iz2AHQYVDF+8=
github.com/baldurstod/go-source2-tools v0.0.5/go.mod h1:nszVGXg/PfmF+dEbheETlV8nX4Ez23KU+VZUJMycFW0=
github.com/baldurstod/go-vector v0.0.5 h1:ED6rM+homVhEv/GZ9ApZtB44ASkyzenGt/LImAPhy1E=
github.com/baldurstod/go-vector v0.0.5/go.mod h1:B1yNl2t+n/Zf+pR/hdLCYpUvd+FAHt/Cx9kqVKNsN1o=
github.com/baldurstod/vdf v0.0.2 h1:Dn4Cx1aOsB8t77CgiNtCy1n4pYFdg6K78HTrOxB3ZwU=
github.com/baldurstod/vdf v0.0.2/go.mod h1:HfdlJuWS/uEHoM9U8Kf5a+YiFSqrpEzHWkUuenhifMY=
github.com/golang-collections/collections v0.0.0-20130729185459-604e922904d3 h1:zN2lZNZRflqFyxVaTIU61KNKQ9C0055u9CAfpmqUvo4=
github.com/golang-collections/collections v0.0.0-20130729185459-604e922904d3/go.mod h1:nPpo7qLxd6XL3hWJG/O60sR8ZKfMCiIoNap5GvD12KU=
github.com/klauspost/compress v1.17.9 h1:6KIumPrER1LHsvBVuDa0r5xaG0Es51mhhB9BQB2qeMA=
github.com/klauspost/compress v1.17.9/go.mod h1:Di0epgTjJY877eYKx5yC51cX2A2Vl2ibi7bDH9ttBbw=
github.com/pierrec/lz4/v4 v4.1.21 h1:yOVMLb6qSIDP67pl/5F7RepeKYu/VmTyEXvuMI5d9mQ=
github.com/pierrec/lz4/v4 v4.1.21/go.mod h1:gZWDp/Ze/IJXGXf23ltt2EXimqmTUXEy0GFuRQyBid4=
golang.org/x/exp v0.0.0-20240613232115-7f521ea00fb8 h1:yixxcjnhBmY0nkL253HFVIm0JsFHwrHdT3Yh6szTnfY=
golang.org/x/exp v0.0.0-20240613232115-7f521ea00fb8/go.mod h1:jj3sYF3dwk5D+ghuXyeI3r5MFf+NT2An6/9dOA95KSI=
